
Microsoft Visual Studio Solution File, Format Version 12.00
Project("{FAE04EC0-301F-11D3-BF4B-00C04F79EFBC}") = "ProducerConsumerDemo", "ProducerConsumerDemo\ProducerConsumerDemo.csproj", "{CE82E7BF-904E-44A4-9D74-E05DF81F49A0}"
EndProject
Global
	GlobalSection(SolutionConfigurationPlatforms) = preSolution
		Debug|Any CPU = Debug|Any CPU
		Release|Any CPU = Release|Any CPU
	EndGlobalSection
	GlobalSection(ProjectConfigurationPlatforms) = postSolution
		{CE82E7BF-904E-44A4-9D74-E05DF81F49A0}.Debug|Any CPU.ActiveCfg = Debug|Any CPU
		{CE82E7BF-904E-44A4-9D74-E05DF81F49A0}.Debug|Any CPU.Build.0 = Debug|Any CPU
		{CE82E7BF-904E-44A4-9D74-E05DF81F49A0}.Release|Any CPU.ActiveCfg = Release|Any CPU
		{CE82E7BF-904E-44A4-9D74-E05DF81F49A0}.Release|Any CPU.Build.0 = Release|Any CPU
	EndGlobalSection
EndGlobal
